
Microsoft Visual Studio Solution File, Format Version 12.00
# Visual Studio 2013
VisualStudioVersion = 12.0.21005.1
MinimumVisualStudioVersion = 10.0.40219.1
Project("{FAE04EC0-301F-11D3-BF4B-00C04F79EFBC}") = "MyWebApi", "MyWebApi\MyWebApi.csproj", "{C9EE06B0-B10C-4CCD-B164-12F1720FC91C}"
EndProject
Project("{FAE04EC0-301F-11D3-BF4B-00C04F79EFBC}") = "MyWeb.Service", "MyWeb.Service\MyWeb.Service.csproj", "{03E835A2-78B9-4E51-A9E5-A4FA40290E25}"
EndProject
Project("{FAE04EC0-301F-11D3-BF4B-00C04F79EFBC}") = "MyWeb.IService", "MyWeb.IService\MyWeb.IService.csproj", "{7F7D0040-953A-45EA-8831-FC85B6E7A76B}"
EndProject
Project("{FAE04EC0-301F-11D3-BF4B-00C04F79EFBC}") = "MyWeb.DataAccess", "MyWeb.DataAccess\MyWeb.DataAccess.csproj", "{E606B5E9-A67F-4013-B07B-18FDE76263F7}"
EndProject
Project("{FAE04EC0-301F-11D3-BF4B-00C04F79EFBC}") = "MyWeb.Model", "MyWeb.Model\MyWeb.Model.csproj", "{F4B4BCBA-3F7D-4D23-89B3-D4473EE04DB2}"
EndProject
Project("{FAE04EC0-301F-11D3-BF4B-00C04F79EFBC}") = "MyWeb.IDataAccess", "MyWeb.IDataAccess\MyWeb.IDataAccess.csproj", "{3CE632D9-8C70-4A0E-9046-7D67847A448E}"
EndProject
Project("{FAE04EC0-301F-11D3-BF4B-00C04F79EFBC}") = "MyWeb.Factory", "MyWeb.Factory\MyWeb.Factory.csproj", "{24ECE7A4-C602-443F-AEA8-68870298D588}"
EndProject
Project("{FAE04EC0-301F-11D3-BF4B-00C04F79EFBC}") = "MyWeb.Test", "MyWeb.Test\MyWeb.Test.csproj", "{BD178547-2A47-46D1-99C1-8E7D3131488B}"
EndProject
Project("{FAE04EC0-301F-11D3-BF4B-00C04F79EFBC}") = "MyWeb.Demo", "MyWeb.Demo\MyWeb.Demo.csproj", "{F3FBB8C7-A167-4C30-B287-F821F6E94310}"
	ProjectSection(ProjectDependencies) = postProject
		{C9EE06B0-B10C-4CCD-B164-12F1720FC91C} = {C9EE06B0-B10C-4CCD-B164-12F1720FC91C}
	EndProjectSection
EndProject
Project("{FAE04EC0-301F-11D3-BF4B-00C04F79EFBC}") = "MyWeb.Common", "MyWeb.Common\MyWeb.Common.csproj", "{92253A81-7B00-455F-BE9D-2219088A2257}"
EndProject
Global
	GlobalSection(SolutionConfigurationPlatforms) = preSolution
		Debug|Any CPU = Debug|Any CPU
		Release|Any CPU = Release|Any CPU
	EndGlobalSection
	GlobalSection(ProjectConfigurationPlatforms) = postSolution
		{C9EE06B0-B10C-4CCD-B164-12F1720FC91C}.Debug|Any CPU.ActiveCfg = Debug|Any CPU
		{C9EE06B0-B10C-4CCD-B164-12F1720FC91C}.Debug|Any CPU.Build.0 = Debug|Any CPU
		{C9EE06B0-B10C-4CCD-B164-12F1720FC91C}.Release|Any CPU.ActiveCfg = Release|Any CPU
		{C9EE06B0-B10C-4CCD-B164-12F1720FC91C}.Release|Any CPU.Build.0 = Release|Any CPU
		{03E835A2-78B9-4E51-A9E5-A4FA40290E25}.Debug|Any CPU.ActiveCfg = Debug|Any CPU
		{03E835A2-78B9-4E51-A9E5-A4FA40290E25}.Debug|Any CPU.Build.0 = Debug|Any CPU
		{03E835A2-78B9-4E51-A9E5-A4FA40290E25}.Release|Any CPU.ActiveCfg = Release|Any CPU
		{03E835A2-78B9-4E51-A9E5-A4FA40290E25}.Release|Any CPU.Build.0 = Release|Any CPU
		{7F7D0040-953A-45EA-8831-FC85B6E7A76B}.Debug|Any CPU.ActiveCfg = Debug|Any CPU
		{7F7D0040-953A-45EA-8831-FC85B6E7A76B}.Debug|Any CPU.Build.0 = Debug|Any CPU
		{7F7D0040-953A-45EA-8831-FC85B6E7A76B}.Release|Any CPU.ActiveCfg = Release|Any CPU
		{7F7D0040-953A-45EA-8831-FC85B6E7A76B}.Release|Any CPU.Build.0 = Release|Any CPU
		{E606B5E9-A67F-4013-B07B-18FDE76263F7}.Debug|Any CPU.ActiveCfg = Debug|Any CPU
		{E606B5E9-A67F-4013-B07B-18FDE76263F7}.Debug|Any CPU.Build.0 = Debug|Any CPU
		{E606B5E9-A67F-4013-B07B-18FDE76263F7}.Release|Any CPU.ActiveCfg = Release|Any CPU
		{E606B5E9-A67F-4013-B07B-18FDE76263F7}.Release|Any CPU.Build.0 = Release|Any CPU
		{F4B4BCBA-3F7D-4D23-89B3-D4473EE04DB2}.Debug|Any CPU.ActiveCfg = Debug|Any CPU
		{F4B4BCBA-3F7D-4D23-89B3-D4473EE04DB2}.Debug|Any CPU.Build.0 = Debug|Any CPU
		{F4B4BCBA-3F7D-4D23-89B3-D4473EE04DB2}.Release|Any CPU.ActiveCfg = Release|Any CPU
		{F4B4BCBA-3F7D-4D23-89B3-D4473EE04DB2}.Release|Any CPU.Build.0 = Release|Any CPU
		{3CE632D9-8C70-4A0E-9046-7D67847A448E}.Debug|Any CPU.ActiveCfg = Debug|Any CPU
		{3CE632D9-8C70-4A0E-9046-7D67847A448E}.Debug|Any CPU.Build.0 = Debug|Any CPU
		{3CE632D9-8C70-4A0E-9046-7D67847A448E}.Release|Any CPU.ActiveCfg = Release|Any CPU
		{3CE632D9-8C70-4A0E-9046-7D67847A448E}.Release|Any CPU.Build.0 = Release|Any CPU
		{24ECE7A4-C602-443F-AEA8-68870298D588}.Debug|Any CPU.ActiveCfg = Debug|Any CPU
		{24ECE7A4-C602-443F-AEA8-68870298D588}.Debug|Any CPU.Build.0 = Debug|Any CPU
		{24ECE7A4-C602-443F-AEA8-68870298D588}.Release|Any CPU.ActiveCfg = Release|Any CPU
		{24ECE7A4-C602-443F-AEA8-68870298D588}.Release|Any CPU.Build.0 = Release|Any CPU
		{BD178547-2A47-46D1-99C1-8E7D3131488B}.Debug|Any CPU.ActiveCfg = Debug|Any CPU
		{BD178547-2A47-46D1-99C1-8E7D3131488B}.Debug|Any CPU.Build.0 = Debug|Any CPU
		{BD178547-2A47-46D1-99C1-8E7D3131488B}.Release|Any CPU.ActiveCfg = Release|Any CPU
		{BD178547-2A47-46D1-99C1-8E7D3131488B}.Release|Any CPU.Build.0 = Release|Any CPU
		{F3FBB8C7-A167-4C30-B287-F821F6E94310}.Debug|Any CPU.ActiveCfg = Debug|Any CPU
		{F3FBB8C7-A167-4C30-B287-F821F6E94310}.Debug|Any CPU.Build.0 = Debug|Any CPU
		{F3FBB8C7-A167-4C30-B287-F821F6E94310}.Release|Any CPU.ActiveCfg = Release|Any CPU
		{F3FBB8C7-A167-4C30-B287-F821F6E94310}.Release|Any CPU.Build.0 = Release|Any CPU
		{92253A81-7B00-455F-BE9D-2219088A2257}.Debug|Any CPU.ActiveCfg = Debug|Any CPU
		{92253A81-7B00-455F-BE9D-2219088A2257}.Debug|Any CPU.Build.0 = Debug|Any CPU
		{92253A81-7B00-455F-BE9D-2219088A2257}.Release|Any CPU.ActiveCfg = Release|Any CPU
		{92253A81-7B00-455F-BE9D-2219088A2257}.Release|Any CPU.Build.0 = Release|Any CPU
	EndGlobalSection
	GlobalSection(SolutionProperties) = preSolution
		HideSolutionNode = FALSE
	EndGlobalSection
EndGlobal
